
Microsoft Visual Studio Solution File, Format Version 12.00
# Visual Studio Version 17
VisualStudioVersion = 17.8.34330.188
MinimumVisualStudioVersion = 10.0.40219.1
Project("{8BC9CEB8-8B4A-11D0-8D11-00A0C91BC942}") = "printing greatest no in 3ip", "printing greatest no in 3ip\printing greatest no in 3ip.vcxproj", "{AF92F4A4-68E5-4CA9-86E1-982749C74E62}"
EndProject
Global
	GlobalSection(SolutionConfigurationPlatforms) = preSolution
		Debug|x64 = Debug|x64
		Debug|x86 = Debug|x86
		Release|x64 = Release|x64
		Release|x86 = Release|x86
	EndGlobalSection
	GlobalSection(ProjectConfigurationPlatforms) = postSolution
		{AF92F4A4-68E5-4CA9-86E1-982749C74E62}.Debug|x64.ActiveCfg = Debug|x64
		{AF92F4A4-68E5-4CA9-86E1-982749C74E62}.Debug|x64.Build.0 = Debug|x64
		{AF92F4A4-68E5-4CA9-86E1-982749C74E62}.Debug|x86.ActiveCfg = Debug|Win32
		{AF92F4A4-68E5-4CA9-86E1-982749C74E62}.Debug|x86.Build.0 = Debug|Win32
		{AF92F4A4-68E5-4CA9-86E1-982749C74E62}.Release|x64.ActiveCfg = Release|x64
		{AF92F4A4-68E5-4CA9-86E1-982749C74E62}.Release|x64.Build.0 = Release|x64
		{AF92F4A4-68E5-4CA9-86E1-982749C74E62}.Release|x86.ActiveCfg = Release|Win32
		{AF92F4A4-68E5-4CA9-86E1-982749C74E62}.Release|x86.Build.0 = Release|Win32
	EndGlobalSection
	GlobalSection(SolutionProperties) = preSolution
		HideSolutionNode = FALSE
	EndGlobalSection
	GlobalSection(ExtensibilityGlobals) = postSolution
		SolutionGuid = {B0C2EF21-7C7E-4E04-823A-716562985B1B}
	EndGlobalSection
EndGlobal
