
Microsoft Visual Studio Solution File, Format Version 12.00
# Visual Studio Version 17
VisualStudioVersion = 17.8.34330.188
MinimumVisualStudioVersion = 10.0.40219.1
Project("{8BC9CEB8-8B4A-11D0-8D11-00A0C91BC942}") = "using 2d array to store a list and print matrix", "using 2d array to store a list and print matrix\using 2d array to store a list and print matrix.vcxproj", "{8A6185AC-5BA8-470D-9C84-5536EC5E6ED7}"
EndProject
Global
	GlobalSection(SolutionConfigurationPlatforms) = preSolution
		Debug|x64 = Debug|x64
		Debug|x86 = Debug|x86
		Release|x64 = Release|x64
		Release|x86 = Release|x86
	EndGlobalSection
	GlobalSection(ProjectConfigurationPlatforms) = postSolution
		{8A6185AC-5BA8-470D-9C84-5536EC5E6ED7}.Debug|x64.ActiveCfg = Debug|x64
		{8A6185AC-5BA8-470D-9C84-5536EC5E6ED7}.Debug|x64.Build.0 = Debug|x64
		{8A6185AC-5BA8-470D-9C84-5536EC5E6ED7}.Debug|x86.ActiveCfg = Debug|Win32
		{8A6185AC-5BA8-470D-9C84-5536EC5E6ED7}.Debug|x86.Build.0 = Debug|Win32
		{8A6185AC-5BA8-470D-9C84-5536EC5E6ED7}.Release|x64.ActiveCfg = Release|x64
		{8A6185AC-5BA8-470D-9C84-5536EC5E6ED7}.Release|x64.Build.0 = Release|x64
		{8A6185AC-5BA8-470D-9C84-5536EC5E6ED7}.Release|x86.ActiveCfg = Release|Win32
		{8A6185AC-5BA8-470D-9C84-5536EC5E6ED7}.Release|x86.Build.0 = Release|Win32
	EndGlobalSection
	GlobalSection(SolutionProperties) = preSolution
		HideSolutionNode = FALSE
	EndGlobalSection
	GlobalSection(ExtensibilityGlobals) = postSolution
		SolutionGuid = {872D81D3-1C8F-41B4-8DC6-BA3801AD63E0}
	EndGlobalSection
EndGlobal
