
Microsoft Visual Studio Solution File, Format Version 12.00
# Visual Studio Version 17
VisualStudioVersion = 17.8.34330.188
MinimumVisualStudioVersion = 10.0.40219.1
Project("{8BC9CEB8-8B4A-11D0-8D11-00A0C91BC942}") = "fahrenhit to celsius conversion code", "fahrenhit to celsius conversion code\fahrenhit to celsius conversion code.vcxproj", "{B139922E-D1A4-43AC-8CAB-2040FF29B0E1}"
EndProject
Global
	GlobalSection(SolutionConfigurationPlatforms) = preSolution
		Debug|x64 = Debug|x64
		Debug|x86 = Debug|x86
		Release|x64 = Release|x64
		Release|x86 = Release|x86
	EndGlobalSection
	GlobalSection(ProjectConfigurationPlatforms) = postSolution
		{B139922E-D1A4-43AC-8CAB-2040FF29B0E1}.Debug|x64.ActiveCfg = Debug|x64
		{B139922E-D1A4-43AC-8CAB-2040FF29B0E1}.Debug|x64.Build.0 = Debug|x64
		{B139922E-D1A4-43AC-8CAB-2040FF29B0E1}.Debug|x86.ActiveCfg = Debug|Win32
		{B139922E-D1A4-43AC-8CAB-2040FF29B0E1}.Debug|x86.Build.0 = Debug|Win32
		{B139922E-D1A4-43AC-8CAB-2040FF29B0E1}.Release|x64.ActiveCfg = Release|x64
		{B139922E-D1A4-43AC-8CAB-2040FF29B0E1}.Release|x64.Build.0 = Release|x64
		{B139922E-D1A4-43AC-8CAB-2040FF29B0E1}.Release|x86.ActiveCfg = Release|Win32
		{B139922E-D1A4-43AC-8CAB-2040FF29B0E1}.Release|x86.Build.0 = Release|Win32
	EndGlobalSection
	GlobalSection(SolutionProperties) = preSolution
		HideSolutionNode = FALSE
	EndGlobalSection
	GlobalSection(ExtensibilityGlobals) = postSolution
		SolutionGuid = {9903BBED-7868-41B3-9D48-8CF3995BF0C6}
	EndGlobalSection
EndGlobal
